
Microsoft Visual Studio Solution File, Format Version 12.00
# Visual Studio Version 17
VisualStudioVersion = 17.4.33403.182
MinimumVisualStudioVersion = 10.0.40219.1
Project("{FAE04EC0-301F-11D3-BF4B-00C04F79EFBC}") = "CSTraining", "CSTraining\CSTraining.csproj", "{87710A96-278C-437A-B469-F7FE84B044DC}"
EndProject
Project("{FAE04EC0-301F-11D3-BF4B-00C04F79EFBC}") = "CS6", "CS6\CS6.csproj", "{9DDFC6C6-F1FD-479B-929D-86D5E945A299}"
EndProject
Global
	GlobalSection(SolutionConfigurationPlatforms) = preSolution
		Debug|Any CPU = Debug|Any CPU
		Release|Any CPU = Release|Any CPU
	EndGlobalSection
	GlobalSection(ProjectConfigurationPlatforms) = postSolution
		{87710A96-278C-437A-B469-F7FE84B044DC}.Debug|Any CPU.ActiveCfg = Debug|Any CPU
		{87710A96-278C-437A-B469-F7FE84B044DC}.Debug|Any CPU.Build.0 = Debug|Any CPU
		{87710A96-278C-437A-B469-F7FE84B044DC}.Release|Any CPU.ActiveCfg = Release|Any CPU
		{87710A96-278C-437A-B469-F7FE84B044DC}.Release|Any CPU.Build.0 = Release|Any CPU
		{9DDFC6C6-F1FD-479B-929D-86D5E945A299}.Debug|Any CPU.ActiveCfg = Debug|Any CPU
		{9DDFC6C6-F1FD-479B-929D-86D5E945A299}.Debug|Any CPU.Build.0 = Debug|Any CPU
		{9DDFC6C6-F1FD-479B-929D-86D5E945A299}.Release|Any CPU.ActiveCfg = Release|Any CPU
		{9DDFC6C6-F1FD-479B-929D-86D5E945A299}.Release|Any CPU.Build.0 = Release|Any CPU
	EndGlobalSection
	GlobalSection(SolutionProperties) = preSolution
		HideSolutionNode = FALSE
	EndGlobalSection
	GlobalSection(ExtensibilityGlobals) = postSolution
		SolutionGuid = {6879009C-8E6A-4808-92DD-85BE3D6DB4D0}
	EndGlobalSection
EndGlobal
